
Microsoft Visual Studio Solution File, Format Version 12.00
# Visual Studio Version 16
VisualStudioVersion = 16.0.32126.315
MinimumVisualStudioVersion = 10.0.40219.1
Project("{9A19103F-16F7-4668-BE54-9A1E7A4F7556}") = "Entities", "Entities\Entities.csproj", "{D19C0C20-FE20-47DC-942F-2ADA2EB6CCD0}"
EndProject
Project("{9A19103F-16F7-4668-BE54-9A1E7A4F7556}") = "DataAccess", "DataAccess\DataAccess.csproj", "{E998B1FD-87A5-4F40-8862-763F4C454B4B}"
EndProject
Project("{9A19103F-16F7-4668-BE54-9A1E7A4F7556}") = "Business", "Business\Business.csproj", "{B372D401-4866-4B5A-9761-66D81EEAFC25}"
EndProject
Project("{9A19103F-16F7-4668-BE54-9A1E7A4F7556}") = "MSSWebUI", "MSSWebUI\MSSWebUI.csproj", "{876BD648-EF45-4013-BAEE-F8E8A4275621}"
EndProject
Global
	GlobalSection(SolutionConfigurationPlatforms) = preSolution
		Debug|Any CPU = Debug|Any CPU
		Release|Any CPU = Release|Any CPU
	EndGlobalSection
	GlobalSection(ProjectConfigurationPlatforms) = postSolution
		{D19C0C20-FE20-47DC-942F-2ADA2EB6CCD0}.Debug|Any CPU.ActiveCfg = Debug|Any CPU
		{D19C0C20-FE20-47DC-942F-2ADA2EB6CCD0}.Debug|Any CPU.Build.0 = Debug|Any CPU
		{D19C0C20-FE20-47DC-942F-2ADA2EB6CCD0}.Release|Any CPU.ActiveCfg = Release|Any CPU
		{D19C0C20-FE20-47DC-942F-2ADA2EB6CCD0}.Release|Any CPU.Build.0 = Release|Any CPU
		{E998B1FD-87A5-4F40-8862-763F4C454B4B}.Debug|Any CPU.ActiveCfg = Debug|Any CPU
		{E998B1FD-87A5-4F40-8862-763F4C454B4B}.Debug|Any CPU.Build.0 = Debug|Any CPU
		{E998B1FD-87A5-4F40-8862-763F4C454B4B}.Release|Any CPU.ActiveCfg = Release|Any CPU
		{E998B1FD-87A5-4F40-8862-763F4C454B4B}.Release|Any CPU.Build.0 = Release|Any CPU
		{B372D401-4866-4B5A-9761-66D81EEAFC25}.Debug|Any CPU.ActiveCfg = Debug|Any CPU
		{B372D401-4866-4B5A-9761-66D81EEAFC25}.Debug|Any CPU.Build.0 = Debug|Any CPU
		{B372D401-4866-4B5A-9761-66D81EEAFC25}.Release|Any CPU.ActiveCfg = Release|Any CPU
		{B372D401-4866-4B5A-9761-66D81EEAFC25}.Release|Any CPU.Build.0 = Release|Any CPU
		{876BD648-EF45-4013-BAEE-F8E8A4275621}.Debug|Any CPU.ActiveCfg = Debug|Any CPU
		{876BD648-EF45-4013-BAEE-F8E8A4275621}.Debug|Any CPU.Build.0 = Debug|Any CPU
		{876BD648-EF45-4013-BAEE-F8E8A4275621}.Release|Any CPU.ActiveCfg = Release|Any CPU
		{876BD648-EF45-4013-BAEE-F8E8A4275621}.Release|Any CPU.Build.0 = Release|Any CPU
	EndGlobalSection
	GlobalSection(SolutionProperties) = preSolution
		HideSolutionNode = FALSE
	EndGlobalSection
	GlobalSection(ExtensibilityGlobals) = postSolution
		SolutionGuid = {DCA99039-9586-4CD0-8EFB-6EA4F290E6EA}
	EndGlobalSection
EndGlobal
